
Microsoft Visual Studio Solution File, Format Version 12.00
# Visual Studio Version 17
VisualStudioVersion = 17.9.34902.65
MinimumVisualStudioVersion = 10.0.40219.1
Project("{FAE04EC0-301F-11D3-BF4B-00C04F79EFBC}") = "BullCoin", "BullCoin\BullCoin.csproj", "{D462CCE7-F802-48DF-970B-2870D9F3FCDF}"
EndProject
Project("{FAE04EC0-301F-11D3-BF4B-00C04F79EFBC}") = "Data", "Data\Data.csproj", "{914C900A-F3B0-46E3-9D27-8B510AE39126}"
EndProject
Project("{FAE04EC0-301F-11D3-BF4B-00C04F79EFBC}") = "Domain", "Domain\Domain.csproj", "{65E67C3C-C49D-4649-8D25-9A0A60600E08}"
EndProject
Global
	GlobalSection(SolutionConfigurationPlatforms) = preSolution
		Debug|Any CPU = Debug|Any CPU
		Release|Any CPU = Release|Any CPU
	EndGlobalSection
	GlobalSection(ProjectConfigurationPlatforms) = postSolution
		{D462CCE7-F802-48DF-970B-2870D9F3FCDF}.Debug|Any CPU.ActiveCfg = Debug|Any CPU
		{D462CCE7-F802-48DF-970B-2870D9F3FCDF}.Debug|Any CPU.Build.0 = Debug|Any CPU
		{D462CCE7-F802-48DF-970B-2870D9F3FCDF}.Release|Any CPU.ActiveCfg = Release|Any CPU
		{D462CCE7-F802-48DF-970B-2870D9F3FCDF}.Release|Any CPU.Build.0 = Release|Any CPU
		{914C900A-F3B0-46E3-9D27-8B510AE39126}.Debug|Any CPU.ActiveCfg = Debug|Any CPU
		{914C900A-F3B0-46E3-9D27-8B510AE39126}.Debug|Any CPU.Build.0 = Debug|Any CPU
		{914C900A-F3B0-46E3-9D27-8B510AE39126}.Release|Any CPU.ActiveCfg = Release|Any CPU
		{914C900A-F3B0-46E3-9D27-8B510AE39126}.Release|Any CPU.Build.0 = Release|Any CPU
		{65E67C3C-C49D-4649-8D25-9A0A60600E08}.Debug|Any CPU.ActiveCfg = Debug|Any CPU
		{65E67C3C-C49D-4649-8D25-9A0A60600E08}.Debug|Any CPU.Build.0 = Debug|Any CPU
		{65E67C3C-C49D-4649-8D25-9A0A60600E08}.Release|Any CPU.ActiveCfg = Release|Any CPU
		{65E67C3C-C49D-4649-8D25-9A0A60600E08}.Release|Any CPU.Build.0 = Release|Any CPU
	EndGlobalSection
	GlobalSection(SolutionProperties) = preSolution
		HideSolutionNode = FALSE
	EndGlobalSection
	GlobalSection(ExtensibilityGlobals) = postSolution
		SolutionGuid = {6A7D79F4-CA2D-4B8D-90BD-D25508E8EBF0}
	EndGlobalSection
EndGlobal
